
Microsoft Visual Studio Solution File, Format Version 12.00
# Visual Studio Version 17
VisualStudioVersion = 17.9.34701.34
MinimumVisualStudioVersion = 10.0.40219.1
Project("{FAE04EC0-301F-11D3-BF4B-00C04F79EFBC}") = "MeuPonto", "MeuPonto\MeuPonto.csproj", "{8EB8E909-C29F-4D49-A03E-BC034E8014FD}"
EndProject
Project("{9A19103F-16F7-4668-BE54-9A1E7A4F7556}") = "MeuPontoApp", "MeuPontoConsole\MeuPontoApp.csproj", "{BCBD2EDF-FF0B-4A27-AEC7-45DF036957A1}"
EndProject
Global
	GlobalSection(SolutionConfigurationPlatforms) = preSolution
		Debug|Any CPU = Debug|Any CPU
		Release|Any CPU = Release|Any CPU
	EndGlobalSection
	GlobalSection(ProjectConfigurationPlatforms) = postSolution
		{8EB8E909-C29F-4D49-A03E-BC034E8014FD}.Debug|Any CPU.ActiveCfg = Debug|Any CPU
		{8EB8E909-C29F-4D49-A03E-BC034E8014FD}.Debug|Any CPU.Build.0 = Debug|Any CPU
		{8EB8E909-C29F-4D49-A03E-BC034E8014FD}.Debug|Any CPU.Deploy.0 = Debug|Any CPU
		{8EB8E909-C29F-4D49-A03E-BC034E8014FD}.Release|Any CPU.ActiveCfg = Release|Any CPU
		{8EB8E909-C29F-4D49-A03E-BC034E8014FD}.Release|Any CPU.Build.0 = Release|Any CPU
		{8EB8E909-C29F-4D49-A03E-BC034E8014FD}.Release|Any CPU.Deploy.0 = Release|Any CPU
		{BCBD2EDF-FF0B-4A27-AEC7-45DF036957A1}.Debug|Any CPU.ActiveCfg = Debug|Any CPU
		{BCBD2EDF-FF0B-4A27-AEC7-45DF036957A1}.Debug|Any CPU.Build.0 = Debug|Any CPU
		{BCBD2EDF-FF0B-4A27-AEC7-45DF036957A1}.Release|Any CPU.ActiveCfg = Release|Any CPU
		{BCBD2EDF-FF0B-4A27-AEC7-45DF036957A1}.Release|Any CPU.Build.0 = Release|Any CPU
	EndGlobalSection
	GlobalSection(SolutionProperties) = preSolution
		HideSolutionNode = FALSE
	EndGlobalSection
	GlobalSection(ExtensibilityGlobals) = postSolution
		SolutionGuid = {A20237A1-348B-470A-B662-C30BB80F37D2}
	EndGlobalSection
EndGlobal
